
Microsoft Visual Studio Solution File, Format Version 12.00
# Visual Studio 15
VisualStudioVersion = 15.0.27428.2027
MinimumVisualStudioVersion = 10.0.40219.1
Project("{8BC9CEB8-8B4A-11D0-8D11-00A0C91BC942}") = "Ejercicio 3", "Ejercicio 3\Ejercicio 3.vcxproj", "{2974E47D-1FC8-426B-9A75-FF192E8AD4FD}"
EndProject
Project("{8BC9CEB8-8B4A-11D0-8D11-00A0C91BC942}") = "Ejercicio 4", "Ejercicio 4\Ejercicio 4.vcxproj", "{1FF90564-1E81-43B9-AEA7-4B9E3BD323D0}"
EndProject
Project("{8BC9CEB8-8B4A-11D0-8D11-00A0C91BC942}") = "Ejercicio 5", "Ejercicio 5\Ejercicio 5.vcxproj", "{9D00A815-A8F1-40E4-B513-8EDDEF471EBF}"
EndProject
Project("{8BC9CEB8-8B4A-11D0-8D11-00A0C91BC942}") = "Ejercicio 6", "Ejercicio 6\Ejercicio 6.vcxproj", "{237A797B-5B8F-47C1-A111-A4B938D836E2}"
EndProject
Project("{8BC9CEB8-8B4A-11D0-8D11-00A0C91BC942}") = "Ejercicio 7", "Ejercicio 7\Ejercicio 7.vcxproj", "{4AA4BD74-0A62-432B-9E55-CF080921D7B5}"
EndProject
Project("{8BC9CEB8-8B4A-11D0-8D11-00A0C91BC942}") = "Ejercicio 8", "Ejercicio 8\Ejercicio 8.vcxproj", "{70AEB781-2543-4314-A85B-040F2822EA5A}"
EndProject
Project("{8BC9CEB8-8B4A-11D0-8D11-00A0C91BC942}") = "Ejercicio 9", "Ejercicio 9\Ejercicio 9.vcxproj", "{F6549166-0ABE-4744-B1DC-8709267D817A}"
EndProject
Project("{8BC9CEB8-8B4A-11D0-8D11-00A0C91BC942}") = "Ejercicio 10", "Ejercicio 10\Ejercicio 10.vcxproj", "{BF098FA5-E9EF-49A6-8BF9-30E068B1B09F}"
EndProject
Project("{8BC9CEB8-8B4A-11D0-8D11-00A0C91BC942}") = "Ejercicio 11", "Ejercicio 11\Ejercicio 11.vcxproj", "{539C1756-B5BE-4AFA-B232-CBE8E4F56233}"
EndProject
Project("{8BC9CEB8-8B4A-11D0-8D11-00A0C91BC942}") = "Ejercicio 12", "Eercicio 12\Eercicio 12.vcxproj", "{CA9FEC94-7800-4531-B4BD-0E6091BFF40D}"
EndProject
Project("{8BC9CEB8-8B4A-11D0-8D11-00A0C91BC942}") = "Ejercicio 13", "Ejercicio 13\Ejercicio 13.vcxproj", "{17FBE6F8-562C-4013-B0FF-A39A8A14E563}"
EndProject
Project("{8BC9CEB8-8B4A-11D0-8D11-00A0C91BC942}") = "Ejercicio 14", "Ejercicio 14\Ejercicio 14.vcxproj", "{70C34896-68FD-472A-96A0-690BF619C115}"
EndProject
Project("{8BC9CEB8-8B4A-11D0-8D11-00A0C91BC942}") = "Ejercicio 15", "Ejercicio 15\Ejercicio 15.vcxproj", "{C8CF8FC1-AB7C-4DB1-896B-8103459628C2}"
EndProject
Project("{8BC9CEB8-8B4A-11D0-8D11-00A0C91BC942}") = "Ejercicio 16", "Ejercicio 16\Ejercicio 16.vcxproj", "{72C9A85F-0D85-4595-A6D4-29D44EADA655}"
EndProject
Project("{8BC9CEB8-8B4A-11D0-8D11-00A0C91BC942}") = "Ejercicio 17", "Ejercicio 17\Ejercicio 17.vcxproj", "{45E3AAC1-408D-4FDE-9223-42E247B65EEA}"
EndProject
Project("{8BC9CEB8-8B4A-11D0-8D11-00A0C91BC942}") = "Ejercicio 18", "Ejercicio 18\Ejercicio 18.vcxproj", "{BF365C76-F92E-45E4-8B88-A56B6FF7CA6F}"
EndProject
Project("{8BC9CEB8-8B4A-11D0-8D11-00A0C91BC942}") = "Ejercicio 19", "Ejercicio 19\Ejercicio 19.vcxproj", "{138264A9-E46B-4C95-B4F8-BAF2EB742693}"
EndProject
Project("{8BC9CEB8-8B4A-11D0-8D11-00A0C91BC942}") = "Ejercicio 20", "Ejercicio 20\Ejercicio 20.vcxproj", "{82F9D121-D9EC-433D-9815-A0DED2A0DA5E}"
EndProject
Global
	GlobalSection(SolutionConfigurationPlatforms) = preSolution
		Debug|x64 = Debug|x64
		Debug|x86 = Debug|x86
		Release|x64 = Release|x64
		Release|x86 = Release|x86
	EndGlobalSection
	GlobalSection(ProjectConfigurationPlatforms) = postSolution
		{2974E47D-1FC8-426B-9A75-FF192E8AD4FD}.Debug|x64.ActiveCfg = Debug|x64
		{2974E47D-1FC8-426B-9A75-FF192E8AD4FD}.Debug|x64.Build.0 = Debug|x64
		{2974E47D-1FC8-426B-9A75-FF192E8AD4FD}.Debug|x86.ActiveCfg = Debug|Win32
		{2974E47D-1FC8-426B-9A75-FF192E8AD4FD}.Debug|x86.Build.0 = Debug|Win32
		{2974E47D-1FC8-426B-9A75-FF192E8AD4FD}.Release|x64.ActiveCfg = Release|x64
		{2974E47D-1FC8-426B-9A75-FF192E8AD4FD}.Release|x64.Build.0 = Release|x64
		{2974E47D-1FC8-426B-9A75-FF192E8AD4FD}.Release|x86.ActiveCfg = Release|Win32
		{2974E47D-1FC8-426B-9A75-FF192E8AD4FD}.Release|x86.Build.0 = Release|Win32
		{1FF90564-1E81-43B9-AEA7-4B9E3BD323D0}.Debug|x64.ActiveCfg = Debug|x64
		{1FF90564-1E81-43B9-AEA7-4B9E3BD323D0}.Debug|x64.Build.0 = Debug|x64
		{1FF90564-1E81-43B9-AEA7-4B9E3BD323D0}.Debug|x86.ActiveCfg = Debug|Win32
		{1FF90564-1E81-43B9-AEA7-4B9E3BD323D0}.Debug|x86.Build.0 = Debug|Win32
		{1FF90564-1E81-43B9-AEA7-4B9E3BD323D0}.Release|x64.ActiveCfg = Release|x64
		{1FF90564-1E81-43B9-AEA7-4B9E3BD323D0}.Release|x64.Build.0 = Release|x64
		{1FF90564-1E81-43B9-AEA7-4B9E3BD323D0}.Release|x86.ActiveCfg = Release|Win32
		{1FF90564-1E81-43B9-AEA7-4B9E3BD323D0}.Release|x86.Build.0 = Release|Win32
		{9D00A815-A8F1-40E4-B513-8EDDEF471EBF}.Debug|x64.ActiveCfg = Debug|x64
		{9D00A815-A8F1-40E4-B513-8EDDEF471EBF}.Debug|x64.Build.0 = Debug|x64
		{9D00A815-A8F1-40E4-B513-8EDDEF471EBF}.Debug|x86.ActiveCfg = Debug|Win32
		{9D00A815-A8F1-40E4-B513-8EDDEF471EBF}.Debug|x86.Build.0 = Debug|Win32
		{9D00A815-A8F1-40E4-B513-8EDDEF471EBF}.Release|x64.ActiveCfg = Release|x64
		{9D00A815-A8F1-40E4-B513-8EDDEF471EBF}.Release|x64.Build.0 = Release|x64
		{9D00A815-A8F1-40E4-B513-8EDDEF471EBF}.Release|x86.ActiveCfg = Release|Win32
		{9D00A815-A8F1-40E4-B513-8EDDEF471EBF}.Release|x86.Build.0 = Release|Win32
		{237A797B-5B8F-47C1-A111-A4B938D836E2}.Debug|x64.ActiveCfg = Debug|x64
		{237A797B-5B8F-47C1-A111-A4B938D836E2}.Debug|x64.Build.0 = Debug|x64
		{237A797B-5B8F-47C1-A111-A4B938D836E2}.Debug|x86.ActiveCfg = Debug|Win32
		{237A797B-5B8F-47C1-A111-A4B938D836E2}.Debug|x86.Build.0 = Debug|Win32
		{237A797B-5B8F-47C1-A111-A4B938D836E2}.Release|x64.ActiveCfg = Release|x64
		{237A797B-5B8F-47C1-A111-A4B938D836E2}.Release|x64.Build.0 = Release|x64
		{237A797B-5B8F-47C1-A111-A4B938D836E2}.Release|x86.ActiveCfg = Release|Win32
		{237A797B-5B8F-47C1-A111-A4B938D836E2}.Release|x86.Build.0 = Release|Win32
		{4AA4BD74-0A62-432B-9E55-CF080921D7B5}.Debug|x64.ActiveCfg = Debug|x64
		{4AA4BD74-0A62-432B-9E55-CF080921D7B5}.Debug|x64.Build.0 = Debug|x64
		{4AA4BD74-0A62-432B-9E55-CF080921D7B5}.Debug|x86.ActiveCfg = Debug|Win32
		{4AA4BD74-0A62-432B-9E55-CF080921D7B5}.Debug|x86.Build.0 = Debug|Win32
		{4AA4BD74-0A62-432B-9E55-CF080921D7B5}.Release|x64.ActiveCfg = Release|x64
		{4AA4BD74-0A62-432B-9E55-CF080921D7B5}.Release|x64.Build.0 = Release|x64
		{4AA4BD74-0A62-432B-9E55-CF080921D7B5}.Release|x86.ActiveCfg = Release|Win32
		{4AA4BD74-0A62-432B-9E55-CF080921D7B5}.Release|x86.Build.0 = Release|Win32
		{70AEB781-2543-4314-A85B-040F2822EA5A}.Debug|x64.ActiveCfg = Debug|x64
		{70AEB781-2543-4314-A85B-040F2822EA5A}.Debug|x64.Build.0 = Debug|x64
		{70AEB781-2543-4314-A85B-040F2822EA5A}.Debug|x86.ActiveCfg = Debug|Win32
		{70AEB781-2543-4314-A85B-040F2822EA5A}.Debug|x86.Build.0 = Debug|Win32
		{70AEB781-2543-4314-A85B-040F2822EA5A}.Release|x64.ActiveCfg = Release|x64
		{70AEB781-2543-4314-A85B-040F2822EA5A}.Release|x64.Build.0 = Release|x64
		{70AEB781-2543-4314-A85B-040F2822EA5A}.Release|x86.ActiveCfg = Release|Win32
		{70AEB781-2543-4314-A85B-040F2822EA5A}.Release|x86.Build.0 = Release|Win32
		{F6549166-0ABE-4744-B1DC-8709267D817A}.Debug|x64.ActiveCfg = Debug|x64
		{F6549166-0ABE-4744-B1DC-8709267D817A}.Debug|x64.Build.0 = Debug|x64
		{F6549166-0ABE-4744-B1DC-8709267D817A}.Debug|x86.ActiveCfg = Debug|Win32
		{F6549166-0ABE-4744-B1DC-8709267D817A}.Debug|x86.Build.0 = Debug|Win32
		{F6549166-0ABE-4744-B1DC-8709267D817A}.Release|x64.ActiveCfg = Release|x64
		{F6549166-0ABE-4744-B1DC-8709267D817A}.Release|x64.Build.0 = Release|x64
		{F6549166-0ABE-4744-B1DC-8709267D817A}.Release|x86.ActiveCfg = Release|Win32
		{F6549166-0ABE-4744-B1DC-8709267D817A}.Release|x86.Build.0 = Release|Win32
		{BF098FA5-E9EF-49A6-8BF9-30E068B1B09F}.Debug|x64.ActiveCfg = Debug|x64
		{BF098FA5-E9EF-49A6-8BF9-30E068B1B09F}.Debug|x64.Build.0 = Debug|x64
		{BF098FA5-E9EF-49A6-8BF9-30E068B1B09F}.Debug|x86.ActiveCfg = Debug|Win32
		{BF098FA5-E9EF-49A6-8BF9-30E068B1B09F}.Debug|x86.Build.0 = Debug|Win32
		{BF098FA5-E9EF-49A6-8BF9-30E068B1B09F}.Release|x64.ActiveCfg = Release|x64
		{BF098FA5-E9EF-49A6-8BF9-30E068B1B09F}.Release|x64.Build.0 = Release|x64
		{BF098FA5-E9EF-49A6-8BF9-30E068B1B09F}.Release|x86.ActiveCfg = Release|Win32
		{BF098FA5-E9EF-49A6-8BF9-30E068B1B09F}.Release|x86.Build.0 = Release|Win32
		{539C1756-B5BE-4AFA-B232-CBE8E4F56233}.Debug|x64.ActiveCfg = Debug|x64
		{539C1756-B5BE-4AFA-B232-CBE8E4F56233}.Debug|x64.Build.0 = Debug|x64
		{539C1756-B5BE-4AFA-B232-CBE8E4F56233}.Debug|x86.ActiveCfg = Debug|Win32
		{539C1756-B5BE-4AFA-B232-CBE8E4F56233}.Debug|x86.Build.0 = Debug|Win32
		{539C1756-B5BE-4AFA-B232-CBE8E4F56233}.Release|x64.ActiveCfg = Release|x64
		{539C1756-B5BE-4AFA-B232-CBE8E4F56233}.Release|x64.Build.0 = Release|x64
		{539C1756-B5BE-4AFA-B232-CBE8E4F56233}.Release|x86.ActiveCfg = Release|Win32
		{539C1756-B5BE-4AFA-B232-CBE8E4F56233}.Release|x86.Build.0 = Release|Win32
		{CA9FEC94-7800-4531-B4BD-0E6091BFF40D}.Debug|x64.ActiveCfg = Debug|x64
		{CA9FEC94-7800-4531-B4BD-0E6091BFF40D}.Debug|x64.Build.0 = Debug|x64
		{CA9FEC94-7800-4531-B4BD-0E6091BFF40D}.Debug|x86.ActiveCfg = Debug|Win32
		{CA9FEC94-7800-4531-B4BD-0E6091BFF40D}.Debug|x86.Build.0 = Debug|Win32
		{CA9FEC94-7800-4531-B4BD-0E6091BFF40D}.Release|x64.ActiveCfg = Release|x64
		{CA9FEC94-7800-4531-B4BD-0E6091BFF40D}.Release|x64.Build.0 = Release|x64
		{CA9FEC94-7800-4531-B4BD-0E6091BFF40D}.Release|x86.ActiveCfg = Release|Win32
		{CA9FEC94-7800-4531-B4BD-0E6091BFF40D}.Release|x86.Build.0 = Release|Win32
		{17FBE6F8-562C-4013-B0FF-A39A8A14E563}.Debug|x64.ActiveCfg = Debug|x64
		{17FBE6F8-562C-4013-B0FF-A39A8A14E563}.Debug|x64.Build.0 = Debug|x64
		{17FBE6F8-562C-4013-B0FF-A39A8A14E563}.Debug|x86.ActiveCfg = Debug|Win32
		{17FBE6F8-562C-4013-B0FF-A39A8A14E563}.Debug|x86.Build.0 = Debug|Win32
		{17FBE6F8-562C-4013-B0FF-A39A8A14E563}.Release|x64.ActiveCfg = Release|x64
		{17FBE6F8-562C-4013-B0FF-A39A8A14E563}.Release|x64.Build.0 = Release|x64
		{17FBE6F8-562C-4013-B0FF-A39A8A14E563}.Release|x86.ActiveCfg = Release|Win32
		{17FBE6F8-562C-4013-B0FF-A39A8A14E563}.Release|x86.Build.0 = Release|Win32
		{70C34896-68FD-472A-96A0-690BF619C115}.Debug|x64.ActiveCfg = Debug|x64
		{70C34896-68FD-472A-96A0-690BF619C115}.Debug|x64.Build.0 = Debug|x64
		{70C34896-68FD-472A-96A0-690BF619C115}.Debug|x86.ActiveCfg = Debug|Win32
		{70C34896-68FD-472A-96A0-690BF619C115}.Debug|x86.Build.0 = Debug|Win32
		{70C34896-68FD-472A-96A0-690BF619C115}.Release|x64.ActiveCfg = Release|x64
		{70C34896-68FD-472A-96A0-690BF619C115}.Release|x64.Build.0 = Release|x64
		{70C34896-68FD-472A-96A0-690BF619C115}.Release|x86.ActiveCfg = Release|Win32
		{70C34896-68FD-472A-96A0-690BF619C115}.Release|x86.Build.0 = Release|Win32
		{C8CF8FC1-AB7C-4DB1-896B-8103459628C2}.Debug|x64.ActiveCfg = Debug|x64
		{C8CF8FC1-AB7C-4DB1-896B-8103459628C2}.Debug|x64.Build.0 = Debug|x64
		{C8CF8FC1-AB7C-4DB1-896B-8103459628C2}.Debug|x86.ActiveCfg = Debug|Win32
		{C8CF8FC1-AB7C-4DB1-896B-8103459628C2}.Debug|x86.Build.0 = Debug|Win32
		{C8CF8FC1-AB7C-4DB1-896B-8103459628C2}.Release|x64.ActiveCfg = Release|x64
		{C8CF8FC1-AB7C-4DB1-896B-8103459628C2}.Release|x64.Build.0 = Release|x64
		{C8CF8FC1-AB7C-4DB1-896B-8103459628C2}.Release|x86.ActiveCfg = Release|Win32
		{C8CF8FC1-AB7C-4DB1-896B-8103459628C2}.Release|x86.Build.0 = Release|Win32
		{72C9A85F-0D85-4595-A6D4-29D44EADA655}.Debug|x64.ActiveCfg = Debug|x64
		{72C9A85F-0D85-4595-A6D4-29D44EADA655}.Debug|x64.Build.0 = Debug|x64
		{72C9A85F-0D85-4595-A6D4-29D44EADA655}.Debug|x86.ActiveCfg = Debug|Win32
		{72C9A85F-0D85-4595-A6D4-29D44EADA655}.Debug|x86.Build.0 = Debug|Win32
		{72C9A85F-0D85-4595-A6D4-29D44EADA655}.Release|x64.ActiveCfg = Release|x64
		{72C9A85F-0D85-4595-A6D4-29D44EADA655}.Release|x64.Build.0 = Release|x64
		{72C9A85F-0D85-4595-A6D4-29D44EADA655}.Release|x86.ActiveCfg = Release|Win32
		{72C9A85F-0D85-4595-A6D4-29D44EADA655}.Release|x86.Build.0 = Release|Win32
		{45E3AAC1-408D-4FDE-9223-42E247B65EEA}.Debug|x64.ActiveCfg = Debug|x64
		{45E3AAC1-408D-4FDE-9223-42E247B65EEA}.Debug|x64.Build.0 = Debug|x64
		{45E3AAC1-408D-4FDE-9223-42E247B65EEA}.Debug|x86.ActiveCfg = Debug|Win32
		{45E3AAC1-408D-4FDE-9223-42E247B65EEA}.Debug|x86.Build.0 = Debug|Win32
		{45E3AAC1-408D-4FDE-9223-42E247B65EEA}.Release|x64.ActiveCfg = Release|x64
		{45E3AAC1-408D-4FDE-9223-42E247B65EEA}.Release|x64.Build.0 = Release|x64
		{45E3AAC1-408D-4FDE-9223-42E247B65EEA}.Release|x86.ActiveCfg = Release|Win32
		{45E3AAC1-408D-4FDE-9223-42E247B65EEA}.Release|x86.Build.0 = Release|Win32
		{BF365C76-F92E-45E4-8B88-A56B6FF7CA6F}.Debug|x64.ActiveCfg = Debug|x64
		{BF365C76-F92E-45E4-8B88-A56B6FF7CA6F}.Debug|x64.Build.0 = Debug|x64
		{BF365C76-F92E-45E4-8B88-A56B6FF7CA6F}.Debug|x86.ActiveCfg = Debug|Win32
		{BF365C76-F92E-45E4-8B88-A56B6FF7CA6F}.Debug|x86.Build.0 = Debug|Win32
		{BF365C76-F92E-45E4-8B88-A56B6FF7CA6F}.Release|x64.ActiveCfg = Release|x64
		{BF365C76-F92E-45E4-8B88-A56B6FF7CA6F}.Release|x64.Build.0 = Release|x64
		{BF365C76-F92E-45E4-8B88-A56B6FF7CA6F}.Release|x86.ActiveCfg = Release|Win32
		{BF365C76-F92E-45E4-8B88-A56B6FF7CA6F}.Release|x86.Build.0 = Release|Win32
		{138264A9-E46B-4C95-B4F8-BAF2EB742693}.Debug|x64.ActiveCfg = Debug|x64
		{138264A9-E46B-4C95-B4F8-BAF2EB742693}.Debug|x64.Build.0 = Debug|x64
		{138264A9-E46B-4C95-B4F8-BAF2EB742693}.Debug|x86.ActiveCfg = Debug|Win32
		{138264A9-E46B-4C95-B4F8-BAF2EB742693}.Debug|x86.Build.0 = Debug|Win32
		{138264A9-E46B-4C95-B4F8-BAF2EB742693}.Release|x64.ActiveCfg = Release|x64
		{138264A9-E46B-4C95-B4F8-BAF2EB742693}.Release|x64.Build.0 = Release|x64
		{138264A9-E46B-4C95-B4F8-BAF2EB742693}.Release|x86.ActiveCfg = Release|Win32
		{138264A9-E46B-4C95-B4F8-BAF2EB742693}.Release|x86.Build.0 = Release|Win32
		{82F9D121-D9EC-433D-9815-A0DED2A0DA5E}.Debug|x64.ActiveCfg = Debug|x64
		{82F9D121-D9EC-433D-9815-A0DED2A0DA5E}.Debug|x64.Build.0 = Debug|x64
		{82F9D121-D9EC-433D-9815-A0DED2A0DA5E}.Debug|x86.ActiveCfg = Debug|Win32
		{82F9D121-D9EC-433D-9815-A0DED2A0DA5E}.Debug|x86.Build.0 = Debug|Win32
		{82F9D121-D9EC-433D-9815-A0DED2A0DA5E}.Release|x64.ActiveCfg = Release|x64
		{82F9D121-D9EC-433D-9815-A0DED2A0DA5E}.Release|x64.Build.0 = Release|x64
		{82F9D121-D9EC-433D-9815-A0DED2A0DA5E}.Release|x86.ActiveCfg = Release|Win32
		{82F9D121-D9EC-433D-9815-A0DED2A0DA5E}.Release|x86.Build.0 = Release|Win32
	EndGlobalSection
	GlobalSection(SolutionProperties) = preSolution
		HideSolutionNode = FALSE
	EndGlobalSection
	GlobalSection(ExtensibilityGlobals) = postSolution
		SolutionGuid = {82CB791E-709A-42AF-A82D-F9AE6B5CABFD}
	EndGlobalSection
EndGlobal
